{
  "version": 4,
  "terraform_version": "0.12.18",
  "serial": 156,
  "lineage": "71b8679e-8775-e4c0-d80a-6f27309a82b9",
  "outputs": {},
  "resources": [
    {
      "mode": "data",
      "type": "aws_kms_key",
      "name": "data_kms_key",
      "provider": "provider.aws",
      "instances": [
        {
          "schema_version": 0,
          "attributes": {
            "arn": "arn:aws:kms:ap-southeast-1:072496178032:key/3a8733df-f34d-4148-95ac-2d8eaf06cf95",
            "aws_account_id": "072496178032",
            "creation_date": "2020-06-25T03:45:02Z",
            "customer_master_key_spec": "SYMMETRIC_DEFAULT",
            "deletion_date": null,
            "description": "CMK KMS Key for data platform ",
            "enabled": true,
            "expiration_model": "",
            "grant_tokens": null,
            "id": "3a8733df-f34d-4148-95ac-2d8eaf06cf95",
            "key_id": "alias/KMS_KEY/DATA_PLATFORM",
            "key_manager": "CUSTOMER",
            "key_state": "Enabled",
            "key_usage": "ENCRYPT_DECRYPT",
            "origin": "AWS_KMS",
            "valid_to": null
          }
        }
      ]
    },
    {
      "mode": "managed",
      "type": "aws_s3_bucket",
      "name": "context_bucket",
      "provider": "provider.aws",
      "instances": [
        {
          "schema_version": 0,
          "attributes": {
            "acceleration_status": "",
            "acl": "private",
            "arn": "arn:aws:s3:::phx-poc-loan-sg",
            "bucket": "phx-poc-loan-sg",
            "bucket_domain_name": "phx-poc-loan-sg.s3.amazonaws.com",
            "bucket_prefix": null,
            "bucket_regional_domain_name": "phx-poc-loan-sg.s3.ap-southeast-1.amazonaws.com",
            "cors_rule": [],
            "force_destroy": false,
            "grant": [],
            "hosted_zone_id": "Z3O0J2DXBE1FTB",
            "id": "phx-poc-loan-sg",
            "lifecycle_rule": [
              {
                "abort_incomplete_multipart_upload_days": 0,
                "enabled": true,
                "expiration": [],
                "id": "tf-s3-lifecycle-20200701071530142700000001",
                "noncurrent_version_expiration": [],
                "noncurrent_version_transition": [
                  {
                    "days": 365,
                    "storage_class": "STANDARD_IA"
                  }
                ],
                "prefix": "/raw",
                "tags": {},
                "transition": []
              },
              {
                "abort_incomplete_multipart_upload_days": 0,
                "enabled": true,
                "expiration": [],
                "id": "tf-s3-lifecycle-20200701071530142800000002",
                "noncurrent_version_expiration": [],
                "noncurrent_version_transition": [
                  {
                    "days": 360,
                    "storage_class": "STANDARD_IA"
                  }
                ],
                "prefix": "/stage",
                "tags": {},
                "transition": []
              },
              {
                "abort_incomplete_multipart_upload_days": 0,
                "enabled": true,
                "expiration": [],
                "id": "tf-s3-lifecycle-20200701071530142900000003",
                "noncurrent_version_expiration": [],
                "noncurrent_version_transition": [],
                "prefix": "/raw",
                "tags": {},
                "transition": [
                  {
                    "date": "",
                    "days": 365,
                    "storage_class": "STANDARD_IA"
                  }
                ]
              },
              {
                "abort_incomplete_multipart_upload_days": 0,
                "enabled": true,
                "expiration": [],
                "id": "tf-s3-lifecycle-20200701071530143000000004",
                "noncurrent_version_expiration": [],
                "noncurrent_version_transition": [],
                "prefix": "/stage",
                "tags": {},
                "transition": [
                  {
                    "date": "",
                    "days": 365,
                    "storage_class": "STANDARD_IA"
                  }
                ]
              },
              {
                "abort_incomplete_multipart_upload_days": 0,
                "enabled": true,
                "expiration": [],
                "id": "tf-s3-lifecycle-20200701071530143100000005",
                "noncurrent_version_expiration": [
                  {
                    "days": 2555
                  }
                ],
                "noncurrent_version_transition": [],
                "prefix": "/raw",
                "tags": {},
                "transition": []
              },
              {
                "abort_incomplete_multipart_upload_days": 0,
                "enabled": true,
                "expiration": [],
                "id": "tf-s3-lifecycle-20200701071530143100000006",
                "noncurrent_version_expiration": [
                  {
                    "days": 2555
                  }
                ],
                "noncurrent_version_transition": [],
                "prefix": "/stage",
                "tags": {},
                "transition": []
              },
              {
                "abort_incomplete_multipart_upload_days": 0,
                "enabled": true,
                "expiration": [
                  {
                    "date": "",
                    "days": 2555,
                    "expired_object_delete_marker": false
                  }
                ],
                "id": "tf-s3-lifecycle-20200701071530143200000007",
                "noncurrent_version_expiration": [],
                "noncurrent_version_transition": [],
                "prefix": "/raw",
                "tags": {},
                "transition": []
              },
              {
                "abort_incomplete_multipart_upload_days": 0,
                "enabled": true,
                "expiration": [
                  {
                    "date": "",
                    "days": 2555,
                    "expired_object_delete_marker": false
                  }
                ],
                "id": "tf-s3-lifecycle-20200701071530143300000008",
                "noncurrent_version_expiration": [],
                "noncurrent_version_transition": [],
                "prefix": "/stage",
                "tags": {},
                "transition": []
              }
            ],
            "logging": [],
            "object_lock_configuration": [],
            "policy": null,
            "region": "ap-southeast-1",
            "replication_configuration": [],
            "request_payer": "BucketOwner",
            "server_side_encryption_configuration": [
              {
                "rule": [
                  {
                    "apply_server_side_encryption_by_default": [
                      {
                        "kms_master_key_id": "arn:aws:kms:ap-southeast-1:072496178032:key/3a8733df-f34d-4148-95ac-2d8eaf06cf95",
                        "sse_algorithm": "aws:kms"
                      }
                    ]
                  }
                ]
              }
            ],
            "tags": {
              "Data_Load_Pattern": "BATCH:Incremental",
              "Domain": "loan",
              "Domain_Owner": "Sharjeel",
              "Downstream_Use": "SPARK/REDSHIFT SPECTURM/BI",
              "Security_Boundaries": "Only Loan and Risk Department can use",
              "Source": "SCB"
            },
            "versioning": [
              {
                "enabled": true,
                "mfa_delete": false
              }
            ],
            "website": [],
            "website_domain": null,
            "website_endpoint": null
          },
          "private": "bnVsbA=="
        }
      ]
    },
    {
      "mode": "managed",
      "type": "aws_s3_bucket_object",
      "name": "lake_zone",
      "each": "list",
      "provider": "provider.aws",
      "instances": [
        {
          "index_key": 0,
          "schema_version": 0,
          "attributes": {
            "acl": "private",
            "bucket": "phx-poc-loan-sg",
            "cache_control": "",
            "content": null,
            "content_base64": null,
            "content_disposition": "",
            "content_encoding": "",
            "content_language": "",
            "content_type": "binary/octet-stream",
            "etag": "69d2b22fd0a4c46a7c98abf6cec3e646",
            "force_destroy": false,
            "id": "raw/",
            "key": "raw/",
            "kms_key_id": "",
            "metadata": {},
            "object_lock_legal_hold_status": "",
            "object_lock_mode": "",
            "object_lock_retain_until_date": "",
            "server_side_encryption": "aws:kms",
            "source": "/dev/null",
            "storage_class": "STANDARD",
            "tags": {},
            "version_id": "YrRqqHIm8i3vSDHBTZIY7VRBO7W61Ert",
            "website_redirect": ""
          },
          "private": "bnVsbA==",
          "dependencies": [
            "aws_s3_bucket.context_bucket"
          ]
        },
        {
          "index_key": 1,
          "schema_version": 0,
          "attributes": {
            "acl": "private",
            "bucket": "phx-poc-loan-sg",
            "cache_control": "",
            "content": null,
            "content_base64": null,
            "content_disposition": "",
            "content_encoding": "",
            "content_language": "",
            "content_type": "binary/octet-stream",
            "etag": "189f752b810a38e1ac1084a43ea8e08d",
            "force_destroy": false,
            "id": "stage/",
            "key": "stage/",
            "kms_key_id": "",
            "metadata": {},
            "object_lock_legal_hold_status": "",
            "object_lock_mode": "",
            "object_lock_retain_until_date": "",
            "server_side_encryption": "aws:kms",
            "source": "/dev/null",
            "storage_class": "STANDARD",
            "tags": {},
            "version_id": "Jps1BM_U2nuvdykxi6OaObzrO7SWJr6_",
            "website_redirect": ""
          },
          "private": "bnVsbA==",
          "dependencies": [
            "aws_s3_bucket.context_bucket"
          ]
        },
        {
          "index_key": 2,
          "schema_version": 0,
          "attributes": {
            "acl": "private",
            "bucket": "phx-poc-loan-sg",
            "cache_control": "",
            "content": null,
            "content_base64": null,
            "content_disposition": "",
            "content_encoding": "",
            "content_language": "",
            "content_type": "binary/octet-stream",
            "etag": "1cf04953888cd96d34d768d8248adb76",
            "force_destroy": false,
            "id": "clean/",
            "key": "clean/",
            "kms_key_id": "",
            "metadata": {},
            "object_lock_legal_hold_status": "",
            "object_lock_mode": "",
            "object_lock_retain_until_date": "",
            "server_side_encryption": "aws:kms",
            "source": "/dev/null",
            "storage_class": "STANDARD",
            "tags": {},
            "version_id": "2Rr559hkh_9F.2OtHQWY5dKEgogRqF2C",
            "website_redirect": ""
          },
          "private": "bnVsbA==",
          "dependencies": [
            "aws_s3_bucket.context_bucket"
          ]
        }
      ]
    },
    {
      "mode": "managed",
      "type": "aws_s3_bucket_object",
      "name": "lake_zone_data_set",
      "each": "list",
      "provider": "provider.aws",
      "instances": [
        {
          "index_key": 0,
          "schema_version": 0,
          "attributes": {
            "acl": "private",
            "bucket": "phx-poc-loan-sg",
            "cache_control": "",
            "content": null,
            "content_base64": null,
            "content_disposition": "",
            "content_encoding": "",
            "content_language": "",
            "content_type": "binary/octet-stream",
            "etag": "37f204fe64dfadc487f8740117f2a430",
            "force_destroy": false,
            "id": "raw/crm/",
            "key": "raw/crm/",
            "kms_key_id": "",
            "metadata": {},
            "object_lock_legal_hold_status": "",
            "object_lock_mode": "",
            "object_lock_retain_until_date": "",
            "server_side_encryption": "aws:kms",
            "source": "/dev/null",
            "storage_class": "STANDARD",
            "tags": {},
            "version_id": "9nPXOUJ1hLxuW7xs5ZvuIRKdYo7MH6AT",
            "website_redirect": ""
          },
          "private": "bnVsbA==",
          "dependencies": [
            "aws_s3_bucket.context_bucket",
            "aws_s3_bucket_object.lake_zone"
          ]
        },
        {
          "index_key": 1,
          "schema_version": 0,
          "attributes": {
            "acl": "private",
            "bucket": "phx-poc-loan-sg",
            "cache_control": "",
            "content": null,
            "content_base64": null,
            "content_disposition": "",
            "content_encoding": "",
            "content_language": "",
            "content_type": "binary/octet-stream",
            "etag": "46dc0aaf171e23421fdd4294ae3093c3",
            "force_destroy": false,
            "id": "raw/loan/",
            "key": "raw/loan/",
            "kms_key_id": "",
            "metadata": {},
            "object_lock_legal_hold_status": "",
            "object_lock_mode": "",
            "object_lock_retain_until_date": "",
            "server_side_encryption": "aws:kms",
            "source": "/dev/null",
            "storage_class": "STANDARD",
            "tags": {},
            "version_id": "tVWXmwDm7_Y5w0ySowFVa9RHZL3DOqwg",
            "website_redirect": ""
          },
          "private": "bnVsbA==",
          "dependencies": [
            "aws_s3_bucket.context_bucket",
            "aws_s3_bucket_object.lake_zone"
          ]
        },
        {
          "index_key": 2,
          "schema_version": 0,
          "attributes": {
            "acl": "private",
            "bucket": "phx-poc-loan-sg",
            "cache_control": "",
            "content": null,
            "content_base64": null,
            "content_disposition": "",
            "content_encoding": "",
            "content_language": "",
            "content_type": "binary/octet-stream",
            "etag": "d21a778978adf6d902514f0f477c004b",
            "force_destroy": false,
            "id": "raw/payments/",
            "key": "raw/payments/",
            "kms_key_id": "",
            "metadata": {},
            "object_lock_legal_hold_status": "",
            "object_lock_mode": "",
            "object_lock_retain_until_date": "",
            "server_side_encryption": "aws:kms",
            "source": "/dev/null",
            "storage_class": "STANDARD",
            "tags": {},
            "version_id": "EWWgL_G47skBdGAgTSuFUtsdtPQ3hCVh",
            "website_redirect": ""
          },
          "private": "bnVsbA==",
          "dependencies": [
            "aws_s3_bucket.context_bucket",
            "aws_s3_bucket_object.lake_zone"
          ]
        },
        {
          "index_key": 3,
          "schema_version": 0,
          "attributes": {
            "acl": "private",
            "bucket": "phx-poc-loan-sg",
            "cache_control": "",
            "content": null,
            "content_base64": null,
            "content_disposition": "",
            "content_encoding": "",
            "content_language": "",
            "content_type": "binary/octet-stream",
            "etag": "a1a7aced02279346a6f98fe031913856",
            "force_destroy": false,
            "id": "stage/crm/",
            "key": "stage/crm/",
            "kms_key_id": "",
            "metadata": {},
            "object_lock_legal_hold_status": "",
            "object_lock_mode": "",
            "object_lock_retain_until_date": "",
            "server_side_encryption": "aws:kms",
            "source": "/dev/null",
            "storage_class": "STANDARD",
            "tags": {},
            "version_id": "qgc9uoRh6U_bWDd1PyuvOUbKBlhP2TEx",
            "website_redirect": ""
          },
          "private": "bnVsbA==",
          "dependencies": [
            "aws_s3_bucket.context_bucket",
            "aws_s3_bucket_object.lake_zone"
          ]
        },
        {
          "index_key": 4,
          "schema_version": 0,
          "attributes": {
            "acl": "private",
            "bucket": "phx-poc-loan-sg",
            "cache_control": "",
            "content": null,
            "content_base64": null,
            "content_disposition": "",
            "content_encoding": "",
            "content_language": "",
            "content_type": "binary/octet-stream",
            "etag": "0e55a39509ecbc8b59583bf01585d44f",
            "force_destroy": false,
            "id": "stage/loan/",
            "key": "stage/loan/",
            "kms_key_id": "",
            "metadata": {},
            "object_lock_legal_hold_status": "",
            "object_lock_mode": "",
            "object_lock_retain_until_date": "",
            "server_side_encryption": "aws:kms",
            "source": "/dev/null",
            "storage_class": "STANDARD",
            "tags": {},
            "version_id": "SB1uyqeep.T9hY1W_Btl3IVbjOWDWkvU",
            "website_redirect": ""
          },
          "private": "bnVsbA==",
          "dependencies": [
            "aws_s3_bucket.context_bucket",
            "aws_s3_bucket_object.lake_zone"
          ]
        },
        {
          "index_key": 5,
          "schema_version": 0,
          "attributes": {
            "acl": "private",
            "bucket": "phx-poc-loan-sg",
            "cache_control": "",
            "content": null,
            "content_base64": null,
            "content_disposition": "",
            "content_encoding": "",
            "content_language": "",
            "content_type": "binary/octet-stream",
            "etag": "c28053c414deb9cdfb8bc29c42e66f54",
            "force_destroy": false,
            "id": "stage/payments/",
            "key": "stage/payments/",
            "kms_key_id": "",
            "metadata": {},
            "object_lock_legal_hold_status": "",
            "object_lock_mode": "",
            "object_lock_retain_until_date": "",
            "server_side_encryption": "aws:kms",
            "source": "/dev/null",
            "storage_class": "STANDARD",
            "tags": {},
            "version_id": "oBrShm51z9Er9vuPws2chcZVJzdKpr7N",
            "website_redirect": ""
          },
          "private": "bnVsbA==",
          "dependencies": [
            "aws_s3_bucket.context_bucket",
            "aws_s3_bucket_object.lake_zone"
          ]
        },
        {
          "index_key": 6,
          "schema_version": 0,
          "attributes": {
            "acl": "private",
            "bucket": "phx-poc-loan-sg",
            "cache_control": "",
            "content": null,
            "content_base64": null,
            "content_disposition": "",
            "content_encoding": "",
            "content_language": "",
            "content_type": "binary/octet-stream",
            "etag": "20e63fe23e8d4d78f8bfe0a234319a7e",
            "force_destroy": false,
            "id": "clean/crm/",
            "key": "clean/crm/",
            "kms_key_id": "",
            "metadata": {},
            "object_lock_legal_hold_status": "",
            "object_lock_mode": "",
            "object_lock_retain_until_date": "",
            "server_side_encryption": "aws:kms",
            "source": "/dev/null",
            "storage_class": "STANDARD",
            "tags": {},
            "version_id": "CAuRE1MrAH_LTYjallZFFkwQ9KSVneWE",
            "website_redirect": ""
          },
          "private": "bnVsbA==",
          "dependencies": [
            "aws_s3_bucket.context_bucket",
            "aws_s3_bucket_object.lake_zone"
          ]
        },
        {
          "index_key": 7,
          "schema_version": 0,
          "attributes": {
            "acl": "private",
            "bucket": "phx-poc-loan-sg",
            "cache_control": "",
            "content": null,
            "content_base64": null,
            "content_disposition": "",
            "content_encoding": "",
            "content_language": "",
            "content_type": "binary/octet-stream",
            "etag": "9cc59cda160108c59a863424f0605b71",
            "force_destroy": false,
            "id": "clean/loan/",
            "key": "clean/loan/",
            "kms_key_id": "",
            "metadata": {},
            "object_lock_legal_hold_status": "",
            "object_lock_mode": "",
            "object_lock_retain_until_date": "",
            "server_side_encryption": "aws:kms",
            "source": "/dev/null",
            "storage_class": "STANDARD",
            "tags": {},
            "version_id": "x07rEuWZ_lbkPprIcajX1zpVDllEtyEN",
            "website_redirect": ""
          },
          "private": "bnVsbA==",
          "dependencies": [
            "aws_s3_bucket.context_bucket",
            "aws_s3_bucket_object.lake_zone"
          ]
        },
        {
          "index_key": 8,
          "schema_version": 0,
          "attributes": {
            "acl": "private",
            "bucket": "phx-poc-loan-sg",
            "cache_control": "",
            "content": null,
            "content_base64": null,
            "content_disposition": "",
            "content_encoding": "",
            "content_language": "",
            "content_type": "binary/octet-stream",
            "etag": "6b155d936c1252d0a70fdb50a71725d7",
            "force_destroy": false,
            "id": "clean/payments/",
            "key": "clean/payments/",
            "kms_key_id": "",
            "metadata": {},
            "object_lock_legal_hold_status": "",
            "object_lock_mode": "",
            "object_lock_retain_until_date": "",
            "server_side_encryption": "aws:kms",
            "source": "/dev/null",
            "storage_class": "STANDARD",
            "tags": {},
            "version_id": "hkPuZjakpqLainc2QDS2DfpZzZyCEXfw",
            "website_redirect": ""
          },
          "private": "bnVsbA==",
          "dependencies": [
            "aws_s3_bucket.context_bucket",
            "aws_s3_bucket_object.lake_zone"
          ]
        }
      ]
    },
    {
      "mode": "managed",
      "type": "aws_s3_bucket_policy",
      "name": "context_bucket_policy",
      "provider": "provider.aws",
      "instances": [
        {
          "schema_version": 0,
          "attributes": {
            "bucket": "phx-poc-loan-sg",
            "id": "phx-poc-loan-sg",
            "policy": "{\"Version\":\"2012-10-17\",\"Id\":\"https_policy\",\"Statement\":[{\"Sid\":\"AllowSSLRequestsOnly\",\"Effect\":\"Deny\",\"Principal\":\"*\",\"Action\":\"s3:*\",\"Resource\":[\"arn:aws:s3:::phx-poc-loan-sg\",\"arn:aws:s3:::phx-poc-loan-sg/*\"],\"Condition\":{\"Bool\":{\"aws:SecureTransport\":\"false\"}}}]}"
          },
          "private": "bnVsbA==",
          "dependencies": [
            "aws_s3_bucket.context_bucket"
          ]
        }
      ]
    },
    {
      "mode": "managed",
      "type": "aws_s3_bucket_public_access_block",
      "name": "PublicAccess",
      "provider": "provider.aws",
      "instances": [
        {
          "schema_version": 0,
          "attributes": {
            "block_public_acls": true,
            "block_public_policy": true,
            "bucket": "phx-poc-loan-sg",
            "id": "phx-poc-loan-sg",
            "ignore_public_acls": true,
            "restrict_public_buckets": true
          },
          "private": "bnVsbA==",
          "dependencies": [
            "aws_s3_bucket.context_bucket",
            "aws_s3_bucket_policy.context_bucket_policy"
          ]
        }
      ]
    }
  ]
}
